// !$*UTF8*$!
{
	archiveVersion = 1;
	classes = {
	};
	objectVersion = 55;
	objects = {

/* Begin PBXBuildFile section */
		404B282927D63FA200EB77BA /* DominError.swift in Sources */ = {isa = PBXBuildFile; fileRef = 404B282827D63FA200EB77BA /* DominError.swift */; };
		404B282B27D64A8F00EB77BA /* HttpError.swift in Sources */ = {isa = PBXBuildFile; fileRef = 404B282A27D64A8F00EB77BA /* HttpError.swift */; };
		404B282E27D65E3700EB77BA /* ExtensionHelpers.swift in Sources */ = {isa = PBXBuildFile; fileRef = 404B282D27D65E3700EB77BA /* ExtensionHelpers.swift */; };
		404B283227D6752600EB77BA /* TestExtensions.swift in Sources */ = {isa = PBXBuildFile; fileRef = 404B283127D6752600EB77BA /* TestExtensions.swift */; };
		404B283427D675B900EB77BA /* TestesFactories.swift in Sources */ = {isa = PBXBuildFile; fileRef = 404B283327D675B900EB77BA /* TestesFactories.swift */; };
		404B283727D6763F00EB77BA /* HttpClientSpy.swift in Sources */ = {isa = PBXBuildFile; fileRef = 404B283627D6763F00EB77BA /* HttpClientSpy.swift */; };
		404B283927D676CB00EB77BA /* AccountModelFactory.swift in Sources */ = {isa = PBXBuildFile; fileRef = 404B283827D676CB00EB77BA /* AccountModelFactory.swift */; };
		404B284727D686DC00EB77BA /* Infra.framework in Frameworks */ = {isa = PBXBuildFile; fileRef = 404B283F27D686DC00EB77BA /* Infra.framework */; };
		404B284C27D686DC00EB77BA /* AlamofireAdapterTests.swift in Sources */ = {isa = PBXBuildFile; fileRef = 404B284B27D686DC00EB77BA /* AlamofireAdapterTests.swift */; };
		4050C92127D11C11003273CF /* AddAccount.swift in Sources */ = {isa = PBXBuildFile; fileRef = 4050C92027D11C11003273CF /* AddAccount.swift */; };
		4050C92327D11D44003273CF /* AccountModel.swift in Sources */ = {isa = PBXBuildFile; fileRef = 4050C92227D11D44003273CF /* AccountModel.swift */; };
		4050C93127D11D9A003273CF /* Data.framework in Frameworks */ = {isa = PBXBuildFile; fileRef = 4050C92927D11D9A003273CF /* Data.framework */; };
		4050C93627D11D9A003273CF /* RemoteAddAccountTests.swift in Sources */ = {isa = PBXBuildFile; fileRef = 4050C93527D11D9A003273CF /* RemoteAddAccountTests.swift */; };
		4050C93F27D11DC6003273CF /* Domain.framework in Frameworks */ = {isa = PBXBuildFile; fileRef = 4050C91927D10824003273CF /* Domain.framework */; };
		4050C94027D11DC6003273CF /* Domain.framework in Embed Frameworks */ = {isa = PBXBuildFile; fileRef = 4050C91927D10824003273CF /* Domain.framework */; settings = {ATTRIBUTES = (CodeSignOnCopy, RemoveHeadersOnCopy, ); }; };
		4050C94527D14D38003273CF /* Model.swift in Sources */ = {isa = PBXBuildFile; fileRef = 4050C94427D14D38003273CF /* Model.swift */; };
		4050C94727D14E1D003273CF /* RemoteAddAccount.swift in Sources */ = {isa = PBXBuildFile; fileRef = 4050C94627D14E1D003273CF /* RemoteAddAccount.swift */; };
		4050C94927D14E53003273CF /* HttpPostClient.swift in Sources */ = {isa = PBXBuildFile; fileRef = 4050C94827D14E52003273CF /* HttpPostClient.swift */; };
		40E0543727EA404E00210737 /* Data.framework in Frameworks */ = {isa = PBXBuildFile; fileRef = 4050C92927D11D9A003273CF /* Data.framework */; };
		40E0543827EA404E00210737 /* Data.framework in Embed Frameworks */ = {isa = PBXBuildFile; fileRef = 4050C92927D11D9A003273CF /* Data.framework */; settings = {ATTRIBUTES = (CodeSignOnCopy, RemoveHeadersOnCopy, ); }; };
		40E0543D27EA408D00210737 /* TestExtensions.swift in Sources */ = {isa = PBXBuildFile; fileRef = 404B283127D6752600EB77BA /* TestExtensions.swift */; };
		40E0543E27EA409400210737 /* TestesFactories.swift in Sources */ = {isa = PBXBuildFile; fileRef = 404B283327D675B900EB77BA /* TestesFactories.swift */; };
		40E0544127EA421000210737 /* Alamofire in Frameworks */ = {isa = PBXBuildFile; productRef = 40E0544027EA421000210737 /* Alamofire */; };
/* End PBXBuildFile section */

/* Begin PBXContainerItemProxy section */
		404B284827D686DC00EB77BA /* PBXContainerItemProxy */ = {
			isa = PBXContainerItemProxy;
			containerPortal = 4050C90127D105B4003273CF /* Project object */;
			proxyType = 1;
			remoteGlobalIDString = 404B283E27D686DC00EB77BA;
			remoteInfo = Infra;
		};
		4050C93227D11D9A003273CF /* PBXContainerItemProxy */ = {
			isa = PBXContainerItemProxy;
			containerPortal = 4050C90127D105B4003273CF /* Project object */;
			proxyType = 1;
			remoteGlobalIDString = 4050C92827D11D9A003273CF;
			remoteInfo = Data;
		};
		4050C94127D11DC6003273CF /* PBXContainerItemProxy */ = {
			isa = PBXContainerItemProxy;
			containerPortal = 4050C90127D105B4003273CF /* Project object */;
			proxyType = 1;
			remoteGlobalIDString = 4050C91827D10824003273CF;
			remoteInfo = Domain;
		};
		40E0543927EA404E00210737 /* PBXContainerItemProxy */ = {
			isa = PBXContainerItemProxy;
			containerPortal = 4050C90127D105B4003273CF /* Project object */;
			proxyType = 1;
			remoteGlobalIDString = 4050C92827D11D9A003273CF;
			remoteInfo = Data;
		};
/* End PBXContainerItemProxy section */

/* Begin PBXCopyFilesBuildPhase section */
		4050C94327D11DC6003273CF /* Embed Frameworks */ = {
			isa = PBXCopyFilesBuildPhase;
			buildActionMask = 2147483647;
			dstPath = "";
			dstSubfolderSpec = 10;
			files = (
				4050C94027D11DC6003273CF /* Domain.framework in Embed Frameworks */,
			);
			name = "Embed Frameworks";
			runOnlyForDeploymentPostprocessing = 0;
		};
		40E0543B27EA404E00210737 /* Embed Frameworks */ = {
			isa = PBXCopyFilesBuildPhase;
			buildActionMask = 2147483647;
			dstPath = "";
			dstSubfolderSpec = 10;
			files = (
				40E0543827EA404E00210737 /* Data.framework in Embed Frameworks */,
			);
			name = "Embed Frameworks";
			runOnlyForDeploymentPostprocessing = 0;
		};
/* End PBXCopyFilesBuildPhase section */

/* Begin PBXFileReference section */
		404B282827D63FA200EB77BA /* DominError.swift */ = {isa = PBXFileReference; lastKnownFileType = sourcecode.swift; path = DominError.swift; sourceTree = "<group>"; };
		404B282A27D64A8F00EB77BA /* HttpError.swift */ = {isa = PBXFileReference; lastKnownFileType = sourcecode.swift; path = HttpError.swift; sourceTree = "<group>"; };
		404B282D27D65E3700EB77BA /* ExtensionHelpers.swift */ = {isa = PBXFileReference; lastKnownFileType = sourcecode.swift; path = ExtensionHelpers.swift; sourceTree = "<group>"; };
		404B283127D6752600EB77BA /* TestExtensions.swift */ = {isa = PBXFileReference; lastKnownFileType = sourcecode.swift; path = TestExtensions.swift; sourceTree = "<group>"; };
		404B283327D675B900EB77BA /* TestesFactories.swift */ = {isa = PBXFileReference; lastKnownFileType = sourcecode.swift; path = TestesFactories.swift; sourceTree = "<group>"; };
		404B283627D6763F00EB77BA /* HttpClientSpy.swift */ = {isa = PBXFileReference; lastKnownFileType = sourcecode.swift; path = HttpClientSpy.swift; sourceTree = "<group>"; };
		404B283827D676CB00EB77BA /* AccountModelFactory.swift */ = {isa = PBXFileReference; lastKnownFileType = sourcecode.swift; path = AccountModelFactory.swift; sourceTree = "<group>"; };
		404B283F27D686DC00EB77BA /* Infra.framework */ = {isa = PBXFileReference; explicitFileType = wrapper.framework; includeInIndex = 0; path = Infra.framework; sourceTree = BUILT_PRODUCTS_DIR; };
		404B284627D686DC00EB77BA /* InfraTests.xctest */ = {isa = PBXFileReference; explicitFileType = wrapper.cfbundle; includeInIndex = 0; path = InfraTests.xctest; sourceTree = BUILT_PRODUCTS_DIR; };
		404B284B27D686DC00EB77BA /* AlamofireAdapterTests.swift */ = {isa = PBXFileReference; lastKnownFileType = sourcecode.swift; path = AlamofireAdapterTests.swift; sourceTree = "<group>"; };
		4050C91927D10824003273CF /* Domain.framework */ = {isa = PBXFileReference; explicitFileType = wrapper.framework; includeInIndex = 0; path = Domain.framework; sourceTree = BUILT_PRODUCTS_DIR; };
		4050C92027D11C11003273CF /* AddAccount.swift */ = {isa = PBXFileReference; lastKnownFileType = sourcecode.swift; path = AddAccount.swift; sourceTree = "<group>"; };
		4050C92227D11D44003273CF /* AccountModel.swift */ = {isa = PBXFileReference; lastKnownFileType = sourcecode.swift; path = AccountModel.swift; sourceTree = "<group>"; };
		4050C92927D11D9A003273CF /* Data.framework */ = {isa = PBXFileReference; explicitFileType = wrapper.framework; includeInIndex = 0; path = Data.framework; sourceTree = BUILT_PRODUCTS_DIR; };
		4050C93027D11D9A003273CF /* DataTests.xctest */ = {isa = PBXFileReference; explicitFileType = wrapper.cfbundle; includeInIndex = 0; path = DataTests.xctest; sourceTree = BUILT_PRODUCTS_DIR; };
		4050C93527D11D9A003273CF /* RemoteAddAccountTests.swift */ = {isa = PBXFileReference; lastKnownFileType = sourcecode.swift; path = RemoteAddAccountTests.swift; sourceTree = "<group>"; };
		4050C94427D14D38003273CF /* Model.swift */ = {isa = PBXFileReference; lastKnownFileType = sourcecode.swift; path = Model.swift; sourceTree = "<group>"; };
		4050C94627D14E1D003273CF /* RemoteAddAccount.swift */ = {isa = PBXFileReference; lastKnownFileType = sourcecode.swift; path = RemoteAddAccount.swift; sourceTree = "<group>"; };
		4050C94827D14E52003273CF /* HttpPostClient.swift */ = {isa = PBXFileReference; lastKnownFileType = sourcecode.swift; path = HttpPostClient.swift; sourceTree = "<group>"; };
/* End PBXFileReference section */

/* Begin PBXFrameworksBuildPhase section */
		404B283C27D686DC00EB77BA /* Frameworks */ = {
			isa = PBXFrameworksBuildPhase;
			buildActionMask = 2147483647;
			files = (
				40E0543727EA404E00210737 /* Data.framework in Frameworks */,
				40E0544127EA421000210737 /* Alamofire in Frameworks */,
			);
			runOnlyForDeploymentPostprocessing = 0;
		};
		404B284327D686DC00EB77BA /* Frameworks */ = {
			isa = PBXFrameworksBuildPhase;
			buildActionMask = 2147483647;
			files = (
				404B284727D686DC00EB77BA /* Infra.framework in Frameworks */,
			);
			runOnlyForDeploymentPostprocessing = 0;
		};
		4050C91627D10824003273CF /* Frameworks */ = {
			isa = PBXFrameworksBuildPhase;
			buildActionMask = 2147483647;
			files = (
			);
			runOnlyForDeploymentPostprocessing = 0;
		};
		4050C92627D11D9A003273CF /* Frameworks */ = {
			isa = PBXFrameworksBuildPhase;
			buildActionMask = 2147483647;
			files = (
				4050C93F27D11DC6003273CF /* Domain.framework in Frameworks */,
			);
			runOnlyForDeploymentPostprocessing = 0;
		};
		4050C92D27D11D9A003273CF /* Frameworks */ = {
			isa = PBXFrameworksBuildPhase;
			buildActionMask = 2147483647;
			files = (
				4050C93127D11D9A003273CF /* Data.framework in Frameworks */,
			);
			runOnlyForDeploymentPostprocessing = 0;
		};
/* End PBXFrameworksBuildPhase section */

/* Begin PBXGroup section */
		404B282727D63F9200EB77BA /* Errors */ = {
			isa = PBXGroup;
			children = (
				404B282827D63FA200EB77BA /* DominError.swift */,
			);
			path = Errors;
			sourceTree = "<group>";
		};
		404B282C27D65E2500EB77BA /* Helpers */ = {
			isa = PBXGroup;
			children = (
				404B282D27D65E3700EB77BA /* ExtensionHelpers.swift */,
			);
			path = Helpers;
			sourceTree = "<group>";
		};
		404B282F27D674F900EB77BA /* Helpers */ = {
			isa = PBXGroup;
			children = (
				404B283127D6752600EB77BA /* TestExtensions.swift */,
				404B283327D675B900EB77BA /* TestesFactories.swift */,
				404B283827D676CB00EB77BA /* AccountModelFactory.swift */,
			);
			path = Helpers;
			sourceTree = "<group>";
		};
		404B283527D6761A00EB77BA /* Http */ = {
			isa = PBXGroup;
			children = (
				404B283627D6763F00EB77BA /* HttpClientSpy.swift */,
			);
			path = Http;
			sourceTree = "<group>";
		};
		404B284027D686DC00EB77BA /* Infra */ = {
			isa = PBXGroup;
			children = (
			);
			path = Infra;
			sourceTree = "<group>";
		};
		404B284A27D686DC00EB77BA /* InfraTests */ = {
			isa = PBXGroup;
			children = (
				404B284B27D686DC00EB77BA /* AlamofireAdapterTests.swift */,
			);
			path = InfraTests;
			sourceTree = "<group>";
		};
		4050C90027D105B4003273CF = {
			isa = PBXGroup;
			children = (
				4050C91A27D10824003273CF /* Domain */,
				4050C92A27D11D9A003273CF /* Data */,
				4050C93427D11D9A003273CF /* DataTests */,
				404B284027D686DC00EB77BA /* Infra */,
				404B284A27D686DC00EB77BA /* InfraTests */,
				4050C90B27D105B4003273CF /* Products */,
				4050C93E27D11DC6003273CF /* Frameworks */,
			);
			sourceTree = "<group>";
		};
		4050C90B27D105B4003273CF /* Products */ = {
			isa = PBXGroup;
			children = (
				4050C91927D10824003273CF /* Domain.framework */,
				4050C92927D11D9A003273CF /* Data.framework */,
				4050C93027D11D9A003273CF /* DataTests.xctest */,
				404B283F27D686DC00EB77BA /* Infra.framework */,
				404B284627D686DC00EB77BA /* InfraTests.xctest */,
			);
			name = Products;
			sourceTree = "<group>";
		};
		4050C91A27D10824003273CF /* Domain */ = {
			isa = PBXGroup;
			children = (
				4050C94A27D14ED2003273CF /* UseCases */,
				4050C94B27D14ED9003273CF /* Models */,
				404B282727D63F9200EB77BA /* Errors */,
			);
			path = Domain;
			sourceTree = "<group>";
		};
		4050C92A27D11D9A003273CF /* Data */ = {
			isa = PBXGroup;
			children = (
				404B282C27D65E2500EB77BA /* Helpers */,
				4050C94C27D14EFC003273CF /* UseCases */,
				4050C94D27D14F09003273CF /* Http */,
			);
			path = Data;
			sourceTree = "<group>";
		};
		4050C93427D11D9A003273CF /* DataTests */ = {
			isa = PBXGroup;
			children = (
				404B283527D6761A00EB77BA /* Http */,
				404B282F27D674F900EB77BA /* Helpers */,
				4050C94E27D14F22003273CF /* UseCases */,
			);
			path = DataTests;
			sourceTree = "<group>";
		};
		4050C93E27D11DC6003273CF /* Frameworks */ = {
			isa = PBXGroup;
			children = (
			);
			name = Frameworks;
			sourceTree = "<group>";
		};
		4050C94A27D14ED2003273CF /* UseCases */ = {
			isa = PBXGroup;
			children = (
				4050C92027D11C11003273CF /* AddAccount.swift */,
			);
			path = UseCases;
			sourceTree = "<group>";
		};
		4050C94B27D14ED9003273CF /* Models */ = {
			isa = PBXGroup;
			children = (
				4050C92227D11D44003273CF /* AccountModel.swift */,
				4050C94427D14D38003273CF /* Model.swift */,
			);
			path = Models;
			sourceTree = "<group>";
		};
		4050C94C27D14EFC003273CF /* UseCases */ = {
			isa = PBXGroup;
			children = (
				4050C94627D14E1D003273CF /* RemoteAddAccount.swift */,
			);
			path = UseCases;
			sourceTree = "<group>";
		};
		4050C94D27D14F09003273CF /* Http */ = {
			isa = PBXGroup;
			children = (
				4050C94827D14E52003273CF /* HttpPostClient.swift */,
				404B282A27D64A8F00EB77BA /* HttpError.swift */,
			);
			path = Http;
			sourceTree = "<group>";
		};
		4050C94E27D14F22003273CF /* UseCases */ = {
			isa = PBXGroup;
			children = (
				4050C93527D11D9A003273CF /* RemoteAddAccountTests.swift */,
			);
			path = UseCases;
			sourceTree = "<group>";
		};
/* End PBXGroup section */

/* Begin PBXHeadersBuildPhase section */
		404B283A27D686DC00EB77BA /* Headers */ = {
			isa = PBXHeadersBuildPhase;
			buildActionMask = 2147483647;
			files = (
			);
			runOnlyForDeploymentPostprocessing = 0;
		};
		4050C91427D10824003273CF /* Headers */ = {
			isa = PBXHeadersBuildPhase;
			buildActionMask = 2147483647;
			files = (
			);
			runOnlyForDeploymentPostprocessing = 0;
		};
		4050C92427D11D9A003273CF /* Headers */ = {
			isa = PBXHeadersBuildPhase;
			buildActionMask = 2147483647;
			files = (
			);
			runOnlyForDeploymentPostprocessing = 0;
		};
/* End PBXHeadersBuildPhase section */

/* Begin PBXNativeTarget section */
		404B283E27D686DC00EB77BA /* Infra */ = {
			isa = PBXNativeTarget;
			buildConfigurationList = 404B284E27D686DC00EB77BA /* Build configuration list for PBXNativeTarget "Infra" */;
			buildPhases = (
				404B283A27D686DC00EB77BA /* Headers */,
				404B283B27D686DC00EB77BA /* Sources */,
				404B283C27D686DC00EB77BA /* Frameworks */,
				404B283D27D686DC00EB77BA /* Resources */,
				40E0543B27EA404E00210737 /* Embed Frameworks */,
			);
			buildRules = (
			);
			dependencies = (
				40E0543A27EA404E00210737 /* PBXTargetDependency */,
			);
			name = Infra;
			packageProductDependencies = (
				40E0544027EA421000210737 /* Alamofire */,
			);
			productName = Infra;
			productReference = 404B283F27D686DC00EB77BA /* Infra.framework */;
			productType = "com.apple.product-type.framework";
		};
		404B284527D686DC00EB77BA /* InfraTests */ = {
			isa = PBXNativeTarget;
			buildConfigurationList = 404B285127D686DC00EB77BA /* Build configuration list for PBXNativeTarget "InfraTests" */;
			buildPhases = (
				404B284227D686DC00EB77BA /* Sources */,
				404B284327D686DC00EB77BA /* Frameworks */,
				404B284427D686DC00EB77BA /* Resources */,
			);
			buildRules = (
			);
			dependencies = (
				404B284927D686DC00EB77BA /* PBXTargetDependency */,
			);
			name = InfraTests;
			productName = InfraTests;
			productReference = 404B284627D686DC00EB77BA /* InfraTests.xctest */;
			productType = "com.apple.product-type.bundle.unit-test";
		};
		4050C91827D10824003273CF /* Domain */ = {
			isa = PBXNativeTarget;
			buildConfigurationList = 4050C91D27D10824003273CF /* Build configuration list for PBXNativeTarget "Domain" */;
			buildPhases = (
				4050C91427D10824003273CF /* Headers */,
				4050C91527D10824003273CF /* Sources */,
				4050C91627D10824003273CF /* Frameworks */,
				4050C91727D10824003273CF /* Resources */,
			);
			buildRules = (
			);
			dependencies = (
			);
			name = Domain;
			productName = Domain;
			productReference = 4050C91927D10824003273CF /* Domain.framework */;
			productType = "com.apple.product-type.framework";
		};
		4050C92827D11D9A003273CF /* Data */ = {
			isa = PBXNativeTarget;
			buildConfigurationList = 4050C93827D11D9A003273CF /* Build configuration list for PBXNativeTarget "Data" */;
			buildPhases = (
				4050C92427D11D9A003273CF /* Headers */,
				4050C92527D11D9A003273CF /* Sources */,
				4050C92627D11D9A003273CF /* Frameworks */,
				4050C92727D11D9A003273CF /* Resources */,
				4050C94327D11DC6003273CF /* Embed Frameworks */,
			);
			buildRules = (
			);
			dependencies = (
				4050C94227D11DC6003273CF /* PBXTargetDependency */,
			);
			name = Data;
			productName = Data;
			productReference = 4050C92927D11D9A003273CF /* Data.framework */;
			productType = "com.apple.product-type.framework";
		};
		4050C92F27D11D9A003273CF /* DataTests */ = {
			isa = PBXNativeTarget;
			buildConfigurationList = 4050C93B27D11D9A003273CF /* Build configuration list for PBXNativeTarget "DataTests" */;
			buildPhases = (
				4050C92C27D11D9A003273CF /* Sources */,
				4050C92D27D11D9A003273CF /* Frameworks */,
				4050C92E27D11D9A003273CF /* Resources */,
			);
			buildRules = (
			);
			dependencies = (
				4050C93327D11D9A003273CF /* PBXTargetDependency */,
			);
			name = DataTests;
			productName = DataTests;
			productReference = 4050C93027D11D9A003273CF /* DataTests.xctest */;
			productType = "com.apple.product-type.bundle.unit-test";
		};
/* End PBXNativeTarget section */

/* Begin PBXProject section */
		4050C90127D105B4003273CF /* Project object */ = {
			isa = PBXProject;
			attributes = {
				BuildIndependentTargetsInParallel = 1;
				LastSwiftUpdateCheck = 1320;
				LastUpgradeCheck = 1320;
				TargetAttributes = {
					404B283E27D686DC00EB77BA = {
						CreatedOnToolsVersion = 13.2.1;
					};
					404B284527D686DC00EB77BA = {
						CreatedOnToolsVersion = 13.2.1;
					};
					4050C91827D10824003273CF = {
						CreatedOnToolsVersion = 13.2.1;
						LastSwiftMigration = 1320;
					};
					4050C92827D11D9A003273CF = {
						CreatedOnToolsVersion = 13.2.1;
						LastSwiftMigration = 1320;
					};
					4050C92F27D11D9A003273CF = {
						CreatedOnToolsVersion = 13.2.1;
					};
				};
			};
			buildConfigurationList = 4050C90427D105B4003273CF /* Build configuration list for PBXProject "TestCleanApp" */;
			compatibilityVersion = "Xcode 13.0";
			developmentRegion = en;
			hasScannedForEncodings = 0;
			knownRegions = (
				en,
				Base,
			);
			mainGroup = 4050C90027D105B4003273CF;
			packageReferences = (
				40E0543F27EA421000210737 /* XCRemoteSwiftPackageReference "Alamofire" */,
			);
			productRefGroup = 4050C90B27D105B4003273CF /* Products */;
			projectDirPath = "";
			projectRoot = "";
			targets = (
				4050C91827D10824003273CF /* Domain */,
				4050C92827D11D9A003273CF /* Data */,
				4050C92F27D11D9A003273CF /* DataTests */,
				404B283E27D686DC00EB77BA /* Infra */,
				404B284527D686DC00EB77BA /* InfraTests */,
			);
		};
/* End PBXProject section */

/* Begin PBXResourcesBuildPhase section */
		404B283D27D686DC00EB77BA /* Resources */ = {
			isa = PBXResourcesBuildPhase;
			buildActionMask = 2147483647;
			files = (
			);
			runOnlyForDeploymentPostprocessing = 0;
		};
		404B284427D686DC00EB77BA /* Resources */ = {
			isa = PBXResourcesBuildPhase;
			buildActionMask = 2147483647;
			files = (
			);
			runOnlyForDeploymentPostprocessing = 0;
		};
		4050C91727D10824003273CF /* Resources */ = {
			isa = PBXResourcesBuildPhase;
			buildActionMask = 2147483647;
			files = (
			);
			runOnlyForDeploymentPostprocessing = 0;
		};
		4050C92727D11D9A003273CF /* Resources */ = {
			isa = PBXResourcesBuildPhase;
			buildActionMask = 2147483647;
			files = (
			);
			runOnlyForDeploymentPostprocessing = 0;
		};
		4050C92E27D11D9A003273CF /* Resources */ = {
			isa = PBXResourcesBuildPhase;
			buildActionMask = 2147483647;
			files = (
			);
			runOnlyForDeploymentPostprocessing = 0;
		};
/* End PBXResourcesBuildPhase section */

/* Begin PBXSourcesBuildPhase section */
		404B283B27D686DC00EB77BA /* Sources */ = {
			isa = PBXSourcesBuildPhase;
			buildActionMask = 2147483647;
			files = (
			);
			runOnlyForDeploymentPostprocessing = 0;
		};
		404B284227D686DC00EB77BA /* Sources */ = {
			isa = PBXSourcesBuildPhase;
			buildActionMask = 2147483647;
			files = (
				404B284C27D686DC00EB77BA /* AlamofireAdapterTests.swift in Sources */,
				40E0543E27EA409400210737 /* TestesFactories.swift in Sources */,
				40E0543D27EA408D00210737 /* TestExtensions.swift in Sources */,
			);
			runOnlyForDeploymentPostprocessing = 0;
		};
		4050C91527D10824003273CF /* Sources */ = {
			isa = PBXSourcesBuildPhase;
			buildActionMask = 2147483647;
			files = (
				404B282927D63FA200EB77BA /* DominError.swift in Sources */,
				4050C94527D14D38003273CF /* Model.swift in Sources */,
				4050C92127D11C11003273CF /* AddAccount.swift in Sources */,
				4050C92327D11D44003273CF /* AccountModel.swift in Sources */,
			);
			runOnlyForDeploymentPostprocessing = 0;
		};
		4050C92527D11D9A003273CF /* Sources */ = {
			isa = PBXSourcesBuildPhase;
			buildActionMask = 2147483647;
			files = (
				4050C94927D14E53003273CF /* HttpPostClient.swift in Sources */,
				404B282E27D65E3700EB77BA /* ExtensionHelpers.swift in Sources */,
				404B282B27D64A8F00EB77BA /* HttpError.swift in Sources */,
				4050C94727D14E1D003273CF /* RemoteAddAccount.swift in Sources */,
			);
			runOnlyForDeploymentPostprocessing = 0;
		};
		4050C92C27D11D9A003273CF /* Sources */ = {
			isa = PBXSourcesBuildPhase;
			buildActionMask = 2147483647;
			files = (
				4050C93627D11D9A003273CF /* RemoteAddAccountTests.swift in Sources */,
				404B283727D6763F00EB77BA /* HttpClientSpy.swift in Sources */,
				404B283427D675B900EB77BA /* TestesFactories.swift in Sources */,
				404B283927D676CB00EB77BA /* AccountModelFactory.swift in Sources */,
				404B283227D6752600EB77BA /* TestExtensions.swift in Sources */,
			);
			runOnlyForDeploymentPostprocessing = 0;
		};
/* End PBXSourcesBuildPhase section */

/* Begin PBXTargetDependency section */
		404B284927D686DC00EB77BA /* PBXTargetDependency */ = {
			isa = PBXTargetDependency;
			target = 404B283E27D686DC00EB77BA /* Infra */;
			targetProxy = 404B284827D686DC00EB77BA /* PBXContainerItemProxy */;
		};
		4050C93327D11D9A003273CF /* PBXTargetDependency */ = {
			isa = PBXTargetDependency;
			target = 4050C92827D11D9A003273CF /* Data */;
			targetProxy = 4050C93227D11D9A003273CF /* PBXContainerItemProxy */;
		};
		4050C94227D11DC6003273CF /* PBXTargetDependency */ = {
			isa = PBXTargetDependency;
			target = 4050C91827D10824003273CF /* Domain */;
			targetProxy = 4050C94127D11DC6003273CF /* PBXContainerItemProxy */;
		};
		40E0543A27EA404E00210737 /* PBXTargetDependency */ = {
			isa = PBXTargetDependency;
			target = 4050C92827D11D9A003273CF /* Data */;
			targetProxy = 40E0543927EA404E00210737 /* PBXContainerItemProxy */;
		};
/* End PBXTargetDependency section */

/* Begin XCBuildConfiguration section */
		404B284F27D686DC00EB77BA /* Debug */ = {
			isa = XCBuildConfiguration;
			buildSettings = {
				CODE_SIGN_STYLE = Automatic;
				COMBINE_HIDPI_IMAGES = YES;
				CURRENT_PROJECT_VERSION = 1;
				DEFINES_MODULE = YES;
				DEVELOPMENT_TEAM = F37W4K2X9K;
				DYLIB_COMPATIBILITY_VERSION = 1;
				DYLIB_CURRENT_VERSION = 1;
				DYLIB_INSTALL_NAME_BASE = "@rpath";
				GENERATE_INFOPLIST_FILE = YES;
				INFOPLIST_KEY_NSHumanReadableCopyright = "";
				INSTALL_PATH = "$(LOCAL_LIBRARY_DIR)/Frameworks";
				LD_RUNPATH_SEARCH_PATHS = (
					"$(inherited)",
					"@executable_path/../Frameworks",
					"@loader_path/Frameworks",
				);
				MACOSX_DEPLOYMENT_TARGET = 12.0;
				MARKETING_VERSION = 1.0;
				PRODUCT_BUNDLE_IDENTIFIER = MLZSA.Infra;
				PRODUCT_NAME = "$(TARGET_NAME:c99extidentifier)";
				SDKROOT = macosx;
				SKIP_INSTALL = YES;
				SWIFT_EMIT_LOC_STRINGS = YES;
				SWIFT_VERSION = 5.0;
			};
			name = Debug;
		};
		404B285027D686DC00EB77BA /* Release */ = {
			isa = XCBuildConfiguration;
			buildSettings = {
				CODE_SIGN_STYLE = Automatic;
				COMBINE_HIDPI_IMAGES = YES;
				CURRENT_PROJECT_VERSION = 1;
				DEFINES_MODULE = YES;
				DEVELOPMENT_TEAM = F37W4K2X9K;
				DYLIB_COMPATIBILITY_VERSION = 1;
				DYLIB_CURRENT_VERSION = 1;
				DYLIB_INSTALL_NAME_BASE = "@rpath";
				GENERATE_INFOPLIST_FILE = YES;
				INFOPLIST_KEY_NSHumanReadableCopyright = "";
				INSTALL_PATH = "$(LOCAL_LIBRARY_DIR)/Frameworks";
				LD_RUNPATH_SEARCH_PATHS = (
					"$(inherited)",
					"@executable_path/../Frameworks",
					"@loader_path/Frameworks",
				);
				MACOSX_DEPLOYMENT_TARGET = 12.0;
				MARKETING_VERSION = 1.0;
				PRODUCT_BUNDLE_IDENTIFIER = MLZSA.Infra;
				PRODUCT_NAME = "$(TARGET_NAME:c99extidentifier)";
				SDKROOT = macosx;
				SKIP_INSTALL = YES;
				SWIFT_EMIT_LOC_STRINGS = YES;
				SWIFT_VERSION = 5.0;
			};
			name = Release;
		};
		404B285227D686DC00EB77BA /* Debug */ = {
			isa = XCBuildConfiguration;
			buildSettings = {
				CODE_SIGN_STYLE = Automatic;
				CURRENT_PROJECT_VERSION = 1;
				DEVELOPMENT_TEAM = F37W4K2X9K;
				GENERATE_INFOPLIST_FILE = YES;
				MACOSX_DEPLOYMENT_TARGET = 12.0;
				MARKETING_VERSION = 1.0;
				PRODUCT_BUNDLE_IDENTIFIER = MLZSA.InfraTests;
				PRODUCT_NAME = "$(TARGET_NAME)";
				SDKROOT = macosx;
				SWIFT_EMIT_LOC_STRINGS = NO;
				SWIFT_VERSION = 5.0;
			};
			name = Debug;
		};
		404B285327D686DC00EB77BA /* Release */ = {
			isa = XCBuildConfiguration;
			buildSettings = {
				CODE_SIGN_STYLE = Automatic;
				CURRENT_PROJECT_VERSION = 1;
				DEVELOPMENT_TEAM = F37W4K2X9K;
				GENERATE_INFOPLIST_FILE = YES;
				MACOSX_DEPLOYMENT_TARGET = 12.0;
				MARKETING_VERSION = 1.0;
				PRODUCT_BUNDLE_IDENTIFIER = MLZSA.InfraTests;
				PRODUCT_NAME = "$(TARGET_NAME)";
				SDKROOT = macosx;
				SWIFT_EMIT_LOC_STRINGS = NO;
				SWIFT_VERSION = 5.0;
			};
			name = Release;
		};
		4050C90F27D105B4003273CF /* Debug */ = {
			isa = XCBuildConfiguration;
			buildSettings = {
				ALWAYS_SEARCH_USER_PATHS = NO;
				CLANG_ANALYZER_NONNULL = YES;
				CLANG_ANALYZER_NUMBER_OBJECT_CONVERSION = YES_AGGRESSIVE;
				CLANG_CXX_LANGUAGE_STANDARD = "gnu++17";
				CLANG_CXX_LIBRARY = "libc++";
				CLANG_ENABLE_MODULES = YES;
				CLANG_ENABLE_OBJC_ARC = YES;
				CLANG_ENABLE_OBJC_WEAK = YES;
				CLANG_WARN_BLOCK_CAPTURE_AUTORELEASING = YES;
				CLANG_WARN_BOOL_CONVERSION = YES;
				CLANG_WARN_COMMA = YES;
				CLANG_WARN_CONSTANT_CONVERSION = YES;
				CLANG_WARN_DEPRECATED_OBJC_IMPLEMENTATIONS = YES;
				CLANG_WARN_DIRECT_OBJC_ISA_USAGE = YES_ERROR;
				CLANG_WARN_DOCUMENTATION_COMMENTS = YES;
				CLANG_WARN_EMPTY_BODY = YES;
				CLANG_WARN_ENUM_CONVERSION = YES;
				CLANG_WARN_INFINITE_RECURSION = YES;
				CLANG_WARN_INT_CONVERSION = YES;
				CLANG_WARN_NON_LITERAL_NULL_CONVERSION = YES;
				CLANG_WARN_OBJC_IMPLICIT_RETAIN_SELF = YES;
				CLANG_WARN_OBJC_LITERAL_CONVERSION = YES;
				CLANG_WARN_OBJC_ROOT_CLASS = YES_ERROR;
				CLANG_WARN_QUOTED_INCLUDE_IN_FRAMEWORK_HEADER = YES;
				CLANG_WARN_RANGE_LOOP_ANALYSIS = YES;
				CLANG_WARN_STRICT_PROTOTYPES = YES;
				CLANG_WARN_SUSPICIOUS_MOVE = YES;
				CLANG_WARN_UNGUARDED_AVAILABILITY = YES_AGGRESSIVE;
				CLANG_WARN_UNREACHABLE_CODE = YES;
				CLANG_WARN__DUPLICATE_METHOD_MATCH = YES;
				COPY_PHASE_STRIP = NO;
				CURRENT_PROJECT_VERSION = 1;
				DEBUG_INFORMATION_FORMAT = dwarf;
				ENABLE_STRICT_OBJC_MSGSEND = YES;
				ENABLE_TESTABILITY = YES;
				GCC_C_LANGUAGE_STANDARD = gnu11;
				GCC_DYNAMIC_NO_PIC = NO;
				GCC_NO_COMMON_BLOCKS = YES;
				GCC_OPTIMIZATION_LEVEL = 0;
				GCC_PREPROCESSOR_DEFINITIONS = (
					"DEBUG=1",
					"$(inherited)",
				);
				GCC_WARN_64_TO_32_BIT_CONVERSION = YES;
				GCC_WARN_ABOUT_RETURN_TYPE = YES_ERROR;
				GCC_WARN_UNDECLARED_SELECTOR = YES;
				GCC_WARN_UNINITIALIZED_AUTOS = YES_AGGRESSIVE;
				GCC_WARN_UNUSED_FUNCTION = YES;
				GCC_WARN_UNUSED_VARIABLE = YES;
				IPHONEOS_DEPLOYMENT_TARGET = 15.2;
				MTL_ENABLE_DEBUG_INFO = INCLUDE_SOURCE;
				MTL_FAST_MATH = YES;
				ONLY_ACTIVE_ARCH = YES;
				SDKROOT = iphoneos;
				SWIFT_ACTIVE_COMPILATION_CONDITIONS = DEBUG;
				SWIFT_OPTIMIZATION_LEVEL = "-Onone";
				VERSIONING_SYSTEM = "apple-generic";
				VERSION_INFO_PREFIX = "";
			};
			name = Debug;
		};
		4050C91027D105B4003273CF /* Release */ = {
			isa = XCBuildConfiguration;
			buildSettings = {
				ALWAYS_SEARCH_USER_PATHS = NO;
				CLANG_ANALYZER_NONNULL = YES;
				CLANG_ANALYZER_NUMBER_OBJECT_CONVERSION = YES_AGGRESSIVE;
				CLANG_CXX_LANGUAGE_STANDARD = "gnu++17";
				CLANG_CXX_LIBRARY = "libc++";
				CLANG_ENABLE_MODULES = YES;
				CLANG_ENABLE_OBJC_ARC = YES;
				CLANG_ENABLE_OBJC_WEAK = YES;
				CLANG_WARN_BLOCK_CAPTURE_AUTORELEASING = YES;
				CLANG_WARN_BOOL_CONVERSION = YES;
				CLANG_WARN_COMMA = YES;
				CLANG_WARN_CONSTANT_CONVERSION = YES;
				CLANG_WARN_DEPRECATED_OBJC_IMPLEMENTATIONS = YES;
				CLANG_WARN_DIRECT_OBJC_ISA_USAGE = YES_ERROR;
				CLANG_WARN_DOCUMENTATION_COMMENTS = YES;
				CLANG_WARN_EMPTY_BODY = YES;
				CLANG_WARN_ENUM_CONVERSION = YES;
				CLANG_WARN_INFINITE_RECURSION = YES;
				CLANG_WARN_INT_CONVERSION = YES;
				CLANG_WARN_NON_LITERAL_NULL_CONVERSION = YES;
				CLANG_WARN_OBJC_IMPLICIT_RETAIN_SELF = YES;
				CLANG_WARN_OBJC_LITERAL_CONVERSION = YES;
				CLANG_WARN_OBJC_ROOT_CLASS = YES_ERROR;
				CLANG_WARN_QUOTED_INCLUDE_IN_FRAMEWORK_HEADER = YES;
				CLANG_WARN_RANGE_LOOP_ANALYSIS = YES;
				CLANG_WARN_STRICT_PROTOTYPES = YES;
				CLANG_WARN_SUSPICIOUS_MOVE = YES;
				CLANG_WARN_UNGUARDED_AVAILABILITY = YES_AGGRESSIVE;
				CLANG_WARN_UNREACHABLE_CODE = YES;
				CLANG_WARN__DUPLICATE_METHOD_MATCH = YES;
				COPY_PHASE_STRIP = NO;
				CURRENT_PROJECT_VERSION = 1;
				DEBUG_INFORMATION_FORMAT = "dwarf-with-dsym";
				ENABLE_NS_ASSERTIONS = NO;
				ENABLE_STRICT_OBJC_MSGSEND = YES;
				GCC_C_LANGUAGE_STANDARD = gnu11;
				GCC_NO_COMMON_BLOCKS = YES;
				GCC_WARN_64_TO_32_BIT_CONVERSION = YES;
				GCC_WARN_ABOUT_RETURN_TYPE = YES_ERROR;
				GCC_WARN_UNDECLARED_SELECTOR = YES;
				GCC_WARN_UNINITIALIZED_AUTOS = YES_AGGRESSIVE;
				GCC_WARN_UNUSED_FUNCTION = YES;
				GCC_WARN_UNUSED_VARIABLE = YES;
				IPHONEOS_DEPLOYMENT_TARGET = 15.2;
				MTL_ENABLE_DEBUG_INFO = NO;
				MTL_FAST_MATH = YES;
				SDKROOT = iphoneos;
				SWIFT_COMPILATION_MODE = wholemodule;
				SWIFT_OPTIMIZATION_LEVEL = "-O";
				VALIDATE_PRODUCT = YES;
				VERSIONING_SYSTEM = "apple-generic";
				VERSION_INFO_PREFIX = "";
			};
			name = Release;
		};
		4050C91E27D10824003273CF /* Debug */ = {
			isa = XCBuildConfiguration;
			buildSettings = {
				CLANG_ENABLE_MODULES = YES;
				CODE_SIGN_STYLE = Automatic;
				COMBINE_HIDPI_IMAGES = YES;
				CURRENT_PROJECT_VERSION = 1;
				DEFINES_MODULE = YES;
				DEVELOPMENT_TEAM = F37W4K2X9K;
				DYLIB_COMPATIBILITY_VERSION = 1;
				DYLIB_CURRENT_VERSION = 1;
				DYLIB_INSTALL_NAME_BASE = "@rpath";
				GENERATE_INFOPLIST_FILE = YES;
				INFOPLIST_KEY_NSHumanReadableCopyright = "";
				INSTALL_PATH = "$(LOCAL_LIBRARY_DIR)/Frameworks";
				LD_RUNPATH_SEARCH_PATHS = (
					"$(inherited)",
					"@executable_path/../Frameworks",
					"@loader_path/Frameworks",
				);
				MACOSX_DEPLOYMENT_TARGET = 12.0;
				MARKETING_VERSION = 1.0;
				PRODUCT_BUNDLE_IDENTIFIER = MLZSA.Domain;
				PRODUCT_NAME = "$(TARGET_NAME:c99extidentifier)";
				SDKROOT = macosx;
				SKIP_INSTALL = YES;
				SWIFT_EMIT_LOC_STRINGS = YES;
				SWIFT_OPTIMIZATION_LEVEL = "-Onone";
				SWIFT_VERSION = 5.0;
			};
			name = Debug;
		};
		4050C91F27D10824003273CF /* Release */ = {
			isa = XCBuildConfiguration;
			buildSettings = {
				CLANG_ENABLE_MODULES = YES;
				CODE_SIGN_STYLE = Automatic;
				COMBINE_HIDPI_IMAGES = YES;
				CURRENT_PROJECT_VERSION = 1;
				DEFINES_MODULE = YES;
				DEVELOPMENT_TEAM = F37W4K2X9K;
				DYLIB_COMPATIBILITY_VERSION = 1;
				DYLIB_CURRENT_VERSION = 1;
				DYLIB_INSTALL_NAME_BASE = "@rpath";
				GENERATE_INFOPLIST_FILE = YES;
				INFOPLIST_KEY_NSHumanReadableCopyright = "";
				INSTALL_PATH = "$(LOCAL_LIBRARY_DIR)/Frameworks";
				LD_RUNPATH_SEARCH_PATHS = (
					"$(inherited)",
					"@executable_path/../Frameworks",
					"@loader_path/Frameworks",
				);
				MACOSX_DEPLOYMENT_TARGET = 12.0;
				MARKETING_VERSION = 1.0;
				PRODUCT_BUNDLE_IDENTIFIER = MLZSA.Domain;
				PRODUCT_NAME = "$(TARGET_NAME:c99extidentifier)";
				SDKROOT = macosx;
				SKIP_INSTALL = YES;
				SWIFT_EMIT_LOC_STRINGS = YES;
				SWIFT_VERSION = 5.0;
			};
			name = Release;
		};
		4050C93927D11D9A003273CF /* Debug */ = {
			isa = XCBuildConfiguration;
			buildSettings = {
				CLANG_ENABLE_MODULES = YES;
				CODE_SIGN_STYLE = Automatic;
				COMBINE_HIDPI_IMAGES = YES;
				CURRENT_PROJECT_VERSION = 1;
				DEFINES_MODULE = YES;
				DEVELOPMENT_TEAM = F37W4K2X9K;
				DYLIB_COMPATIBILITY_VERSION = 1;
				DYLIB_CURRENT_VERSION = 1;
				DYLIB_INSTALL_NAME_BASE = "@rpath";
				GENERATE_INFOPLIST_FILE = YES;
				INFOPLIST_KEY_NSHumanReadableCopyright = "";
				INSTALL_PATH = "$(LOCAL_LIBRARY_DIR)/Frameworks";
				LD_RUNPATH_SEARCH_PATHS = (
					"$(inherited)",
					"@executable_path/../Frameworks",
					"@loader_path/Frameworks",
				);
				MACOSX_DEPLOYMENT_TARGET = 12.0;
				MARKETING_VERSION = 1.0;
				PRODUCT_BUNDLE_IDENTIFIER = MLZSA.Data;
				PRODUCT_NAME = "$(TARGET_NAME:c99extidentifier)";
				SDKROOT = macosx;
				SKIP_INSTALL = YES;
				SWIFT_EMIT_LOC_STRINGS = YES;
				SWIFT_OPTIMIZATION_LEVEL = "-Onone";
				SWIFT_VERSION = 5.0;
			};
			name = Debug;
		};
		4050C93A27D11D9A003273CF /* Release */ = {
			isa = XCBuildConfiguration;
			buildSettings = {
				CLANG_ENABLE_MODULES = YES;
				CODE_SIGN_STYLE = Automatic;
				COMBINE_HIDPI_IMAGES = YES;
				CURRENT_PROJECT_VERSION = 1;
				DEFINES_MODULE = YES;
				DEVELOPMENT_TEAM = F37W4K2X9K;
				DYLIB_COMPATIBILITY_VERSION = 1;
				DYLIB_CURRENT_VERSION = 1;
				DYLIB_INSTALL_NAME_BASE = "@rpath";
				GENERATE_INFOPLIST_FILE = YES;
				INFOPLIST_KEY_NSHumanReadableCopyright = "";
				INSTALL_PATH = "$(LOCAL_LIBRARY_DIR)/Frameworks";
				LD_RUNPATH_SEARCH_PATHS = (
					"$(inherited)",
					"@executable_path/../Frameworks",
					"@loader_path/Frameworks",
				);
				MACOSX_DEPLOYMENT_TARGET = 12.0;
				MARKETING_VERSION = 1.0;
				PRODUCT_BUNDLE_IDENTIFIER = MLZSA.Data;
				PRODUCT_NAME = "$(TARGET_NAME:c99extidentifier)";
				SDKROOT = macosx;
				SKIP_INSTALL = YES;
				SWIFT_EMIT_LOC_STRINGS = YES;
				SWIFT_VERSION = 5.0;
			};
			name = Release;
		};
		4050C93C27D11D9A003273CF /* Debug */ = {
			isa = XCBuildConfiguration;
			buildSettings = {
				ALWAYS_EMBED_SWIFT_STANDARD_LIBRARIES = YES;
				CODE_SIGN_STYLE = Automatic;
				CURRENT_PROJECT_VERSION = 1;
				DEVELOPMENT_TEAM = F37W4K2X9K;
				GENERATE_INFOPLIST_FILE = YES;
				MACOSX_DEPLOYMENT_TARGET = 12.0;
				MARKETING_VERSION = 1.0;
				PRODUCT_BUNDLE_IDENTIFIER = MLZSA.DataTests;
				PRODUCT_NAME = "$(TARGET_NAME)";
				SDKROOT = macosx;
				SWIFT_EMIT_LOC_STRINGS = NO;
				SWIFT_VERSION = 5.0;
			};
			name = Debug;
		};
		4050C93D27D11D9A003273CF /* Release */ = {
			isa = XCBuildConfiguration;
			buildSettings = {
				ALWAYS_EMBED_SWIFT_STANDARD_LIBRARIES = YES;
				CODE_SIGN_STYLE = Automatic;
				CURRENT_PROJECT_VERSION = 1;
				DEVELOPMENT_TEAM = F37W4K2X9K;
				GENERATE_INFOPLIST_FILE = YES;
				MACOSX_DEPLOYMENT_TARGET = 12.0;
				MARKETING_VERSION = 1.0;
				PRODUCT_BUNDLE_IDENTIFIER = MLZSA.DataTests;
				PRODUCT_NAME = "$(TARGET_NAME)";
				SDKROOT = macosx;
				SWIFT_EMIT_LOC_STRINGS = NO;
				SWIFT_VERSION = 5.0;
			};
			name = Release;
		};
/* End XCBuildConfiguration section */

/* Begin XCConfigurationList section */
		404B284E27D686DC00EB77BA /* Build configuration list for PBXNativeTarget "Infra" */ = {
			isa = XCConfigurationList;
			buildConfigurations = (
				404B284F27D686DC00EB77BA /* Debug */,
				404B285027D686DC00EB77BA /* Release */,
			);
			defaultConfigurationIsVisible = 0;
			defaultConfigurationName = Release;
		};
		404B285127D686DC00EB77BA /* Build configuration list for PBXNativeTarget "InfraTests" */ = {
			isa = XCConfigurationList;
			buildConfigurations = (
				404B285227D686DC00EB77BA /* Debug */,
				404B285327D686DC00EB77BA /* Release */,
			);
			defaultConfigurationIsVisible = 0;
			defaultConfigurationName = Release;
		};
		4050C90427D105B4003273CF /* Build configuration list for PBXProject "TestCleanApp" */ = {
			isa = XCConfigurationList;
			buildConfigurations = (
				4050C90F27D105B4003273CF /* Debug */,
				4050C91027D105B4003273CF /* Release */,
			);
			defaultConfigurationIsVisible = 0;
			defaultConfigurationName = Release;
		};
		4050C91D27D10824003273CF /* Build configuration list for PBXNativeTarget "Domain" */ = {
			isa = XCConfigurationList;
			buildConfigurations = (
				4050C91E27D10824003273CF /* Debug */,
				4050C91F27D10824003273CF /* Release */,
			);
			defaultConfigurationIsVisible = 0;
			defaultConfigurationName = Release;
		};
		4050C93827D11D9A003273CF /* Build configuration list for PBXNativeTarget "Data" */ = {
			isa = XCConfigurationList;
			buildConfigurations = (
				4050C93927D11D9A003273CF /* Debug */,
				4050C93A27D11D9A003273CF /* Release */,
			);
			defaultConfigurationIsVisible = 0;
			defaultConfigurationName = Release;
		};
		4050C93B27D11D9A003273CF /* Build configuration list for PBXNativeTarget "DataTests" */ = {
			isa = XCConfigurationList;
			buildConfigurations = (
				4050C93C27D11D9A003273CF /* Debug */,
				4050C93D27D11D9A003273CF /* Release */,
			);
			defaultConfigurationIsVisible = 0;
			defaultConfigurationName = Release;
		};
/* End XCConfigurationList section */

/* Begin XCRemoteSwiftPackageReference section */
		40E0543F27EA421000210737 /* XCRemoteSwiftPackageReference "Alamofire" */ = {
			isa = XCRemoteSwiftPackageReference;
			repositoryURL = "https://github.com/Alamofire/Alamofire.git";
			requirement = {
				branch = master;
				kind = branch;
			};
		};
/* End XCRemoteSwiftPackageReference section */

/* Begin XCSwiftPackageProductDependency section */
		40E0544027EA421000210737 /* Alamofire */ = {
			isa = XCSwiftPackageProductDependency;
			package = 40E0543F27EA421000210737 /* XCRemoteSwiftPackageReference "Alamofire" */;
			productName = Alamofire;
		};
/* End XCSwiftPackageProductDependency section */
	};
	rootObject = 4050C90127D105B4003273CF /* Project object */;
}
